// !$*UTF8*$!
{
	archiveVersion = 1;
	classes = {
	};
	objectVersion = 50;
	objects = {

/* Begin PBXBuildFile section */
		B893719223AB4319003B3682 /* AppDelegate.swift in Sources */ = {isa = PBXBuildFile; fileRef = B893719123AB4319003B3682 /* AppDelegate.swift */; };
		B893719423AB4319003B3682 /* SceneDelegate.swift in Sources */ = {isa = PBXBuildFile; fileRef = B893719323AB4319003B3682 /* SceneDelegate.swift */; };
		B893719623AB4319003B3682 /* ViewController.swift in Sources */ = {isa = PBXBuildFile; fileRef = B893719523AB4319003B3682 /* ViewController.swift */; };
		B893719923AB4319003B3682 /* Main.storyboard in Resources */ = {isa = PBXBuildFile; fileRef = B893719723AB4319003B3682 /* Main.storyboard */; };
		B893719B23AB431A003B3682 /* Assets.xcassets in Resources */ = {isa = PBXBuildFile; fileRef = B893719A23AB431A003B3682 /* Assets.xcassets */; };
		B893719E23AB431A003B3682 /* LaunchScreen.storyboard in Resources */ = {isa = PBXBuildFile; fileRef = B893719C23AB431A003B3682 /* LaunchScreen.storyboard */; };
		B89371A923AB431A003B3682 /* TippyTests.swift in Sources */ = {isa = PBXBuildFile; fileRef = B89371A823AB431A003B3682 /* TippyTests.swift */; };
		B89371B423AB431A003B3682 /* TippyUITests.swift in Sources */ = {isa = PBXBuildFile; fileRef = B89371B323AB431A003B3682 /* TippyUITests.swift */; };
/* End PBXBuildFile section */

/* Begin PBXContainerItemProxy section */
		B89371A523AB431A003B3682 /* PBXContainerItemProxy */ = {
			isa = PBXContainerItemProxy;
			containerPortal = B893718623AB4319003B3682 /* Project object */;
			proxyType = 1;
			remoteGlobalIDString = B893718D23AB4319003B3682;
			remoteInfo = Tippy;
		};
		B89371B023AB431A003B3682 /* PBXContainerItemProxy */ = {
			isa = PBXContainerItemProxy;
			containerPortal = B893718623AB4319003B3682 /* Project object */;
			proxyType = 1;
			remoteGlobalIDString = B893718D23AB4319003B3682;
			remoteInfo = Tippy;
		};
/* End PBXContainerItemProxy section */

/* Begin PBXFileReference section */
		B893718E23AB4319003B3682 /* Tippy.app */ = {isa = PBXFileReference; explicitFileType = wrapper.application; includeInIndex = 0; path = Tippy.app; sourceTree = BUILT_PRODUCTS_DIR; };
		B893719123AB4319003B3682 /* AppDelegate.swift */ = {isa = PBXFileReference; lastKnownFileType = sourcecode.swift; path = AppDelegate.swift; sourceTree = "<group>"; };
		B893719323AB4319003B3682 /* SceneDelegate.swift */ = {isa = PBXFileReference; lastKnownFileType = sourcecode.swift; path = SceneDelegate.swift; sourceTree = "<group>"; };
		B893719523AB4319003B3682 /* ViewController.swift */ = {isa = PBXFileReference; lastKnownFileType = sourcecode.swift; path = ViewController.swift; sourceTree = "<group>"; };
		B893719823AB4319003B3682 /* Base */ = {isa = PBXFileReference; lastKnownFileType = file.storyboard; name = Base; path = Base.lproj/Main.storyboard; sourceTree = "<group>"; };
		B893719A23AB431A003B3682 /* Assets.xcassets */ = {isa = PBXFileReference; lastKnownFileType = folder.assetcatalog; path = Assets.xcassets; sourceTree = "<group>"; };
		B893719D23AB431A003B3682 /* Base */ = {isa = PBXFileReference; lastKnownFileType = file.storyboard; name = Base; path = Base.lproj/LaunchScreen.storyboard; sourceTree = "<group>"; };
		B893719F23AB431A003B3682 /* Info.plist */ = {isa = PBXFileReference; lastKnownFileType = text.plist.xml; path = Info.plist; sourceTree = "<group>"; };
		B89371A423AB431A003B3682 /* TippyTests.xctest */ = {isa = PBXFileReference; explicitFileType = wrapper.cfbundle; includeInIndex = 0; path = TippyTests.xctest; sourceTree = BUILT_PRODUCTS_DIR; };
		B89371A823AB431A003B3682 /* TippyTests.swift */ = {isa = PBXFileReference; lastKnownFileType = sourcecode.swift; path = TippyTests.swift; sourceTree = "<group>"; };
		B89371AA23AB431A003B3682 /* Info.plist */ = {isa = PBXFileReference; lastKnownFileType = text.plist.xml; path = Info.plist; sourceTree = "<group>"; };
		B89371AF23AB431A003B3682 /* TippyUITests.xctest */ = {isa = PBXFileReference; explicitFileType = wrapper.cfbundle; includeInIndex = 0; path = TippyUITests.xctest; sourceTree = BUILT_PRODUCTS_DIR; };
		B89371B323AB431A003B3682 /* TippyUITests.swift */ = {isa = PBXFileReference; lastKnownFileType = sourcecode.swift; path = TippyUITests.swift; sourceTree = "<group>"; };
		B89371B523AB431A003B3682 /* Info.plist */ = {isa = PBXFileReference; lastKnownFileType = text.plist.xml; path = Info.plist; sourceTree = "<group>"; };
/* End PBXFileReference section */

/* Begin PBXFrameworksBuildPhase section */
		B893718B23AB4319003B3682 /* Frameworks */ = {
			isa = PBXFrameworksBuildPhase;
			buildActionMask = 2147483647;
			files = (
			);
			runOnlyForDeploymentPostprocessing = 0;
		};
		B89371A123AB431A003B3682 /* Frameworks */ = {
			isa = PBXFrameworksBuildPhase;
			buildActionMask = 2147483647;
			files = (
			);
			runOnlyForDeploymentPostprocessing = 0;
		};
		B89371AC23AB431A003B3682 /* Frameworks */ = {
			isa = PBXFrameworksBuildPhase;
			buildActionMask = 2147483647;
			files = (
			);
			runOnlyForDeploymentPostprocessing = 0;
		};
/* End PBXFrameworksBuildPhase section */

/* Begin PBXGroup section */
		B893718523AB4319003B3682 = {
			isa = PBXGroup;
			children = (
				B893719023AB4319003B3682 /* Tippy */,
				B89371A723AB431A003B3682 /* TippyTests */,
				B89371B223AB431A003B3682 /* TippyUITests */,
				B893718F23AB4319003B3682 /* Products */,
			);
			sourceTree = "<group>";
		};
		B893718F23AB4319003B3682 /* Products */ = {
			isa = PBXGroup;
			children = (
				B893718E23AB4319003B3682 /* Tippy.app */,
				B89371A423AB431A003B3682 /* TippyTests.xctest */,
				B89371AF23AB431A003B3682 /* TippyUITests.xctest */,
			);
			name = Products;
			sourceTree = "<group>";
		};
		B893719023AB4319003B3682 /* Tippy */ = {
			isa = PBXGroup;
			children = (
				B893719123AB4319003B3682 /* AppDelegate.swift */,
				B893719323AB4319003B3682 /* SceneDelegate.swift */,
				B893719523AB4319003B3682 /* ViewController.swift */,
				B893719723AB4319003B3682 /* Main.storyboard */,
				B893719A23AB431A003B3682 /* Assets.xcassets */,
				B893719C23AB431A003B3682 /* LaunchScreen.storyboard */,
				B893719F23AB431A003B3682 /* Info.plist */,
			);
			path = Tippy;
			sourceTree = "<group>";
		};
		B89371A723AB431A003B3682 /* TippyTests */ = {
			isa = PBXGroup;
			children = (
				B89371A823AB431A003B3682 /* TippyTests.swift */,
				B89371AA23AB431A003B3682 /* Info.plist */,
			);
			path = TippyTests;
			sourceTree = "<group>";
		};
		B89371B223AB431A003B3682 /* TippyUITests */ = {
			isa = PBXGroup;
			children = (
				B89371B323AB431A003B3682 /* TippyUITests.swift */,
				B89371B523AB431A003B3682 /* Info.plist */,
			);
			path = TippyUITests;
			sourceTree = "<group>";
		};
/* End PBXGroup section */

/* Begin PBXNativeTarget section */
		B893718D23AB4319003B3682 /* Tippy */ = {
			isa = PBXNativeTarget;
			buildConfigurationList = B89371B823AB431A003B3682 /* Build configuration list for PBXNativeTarget "Tippy" */;
			buildPhases = (
				B893718A23AB4319003B3682 /* Sources */,
				B893718B23AB4319003B3682 /* Frameworks */,
				B893718C23AB4319003B3682 /* Resources */,
			);
			buildRules = (
			);
			dependencies = (
			);
			name = Tippy;
			productName = Tippy;
			productReference = B893718E23AB4319003B3682 /* Tippy.app */;
			productType = "com.apple.product-type.application";
		};
		B89371A323AB431A003B3682 /* TippyTests */ = {
			isa = PBXNativeTarget;
			buildConfigurationList = B89371BB23AB431A003B3682 /* Build configuration list for PBXNativeTarget "TippyTests" */;
			buildPhases = (
				B89371A023AB431A003B3682 /* Sources */,
				B89371A123AB431A003B3682 /* Frameworks */,
				B89371A223AB431A003B3682 /* Resources */,
			);
			buildRules = (
			);
			dependencies = (
				B89371A623AB431A003B3682 /* PBXTargetDependency */,
			);
			name = TippyTests;
			productName = TippyTests;
			productReference = B89371A423AB431A003B3682 /* TippyTests.xctest */;
			productType = "com.apple.product-type.bundle.unit-test";
		};
		B89371AE23AB431A003B3682 /* TippyUITests */ = {
			isa = PBXNativeTarget;
			buildConfigurationList = B89371BE23AB431A003B3682 /* Build configuration list for PBXNativeTarget "TippyUITests" */;
			buildPhases = (
				B89371AB23AB431A003B3682 /* Sources */,
				B89371AC23AB431A003B3682 /* Frameworks */,
				B89371AD23AB431A003B3682 /* Resources */,
			);
			buildRules = (
			);
			dependencies = (
				B89371B123AB431A003B3682 /* PBXTargetDependency */,
			);
			name = TippyUITests;
			productName = TippyUITests;
			productReference = B89371AF23AB431A003B3682 /* TippyUITests.xctest */;
			productType = "com.apple.product-type.bundle.ui-testing";
		};
/* End PBXNativeTarget section */

/* Begin PBXProject section */
		B893718623AB4319003B3682 /* Project object */ = {
			isa = PBXProject;
			attributes = {
				LastSwiftUpdateCheck = 1130;
				LastUpgradeCheck = 1130;
				ORGANIZATIONNAME = "Abdullah Alseddiq";
				TargetAttributes = {
					B893718D23AB4319003B3682 = {
						CreatedOnToolsVersion = 11.3;
					};
					B89371A323AB431A003B3682 = {
						CreatedOnToolsVersion = 11.3;
						TestTargetID = B893718D23AB4319003B3682;
					};
					B89371AE23AB431A003B3682 = {
						CreatedOnToolsVersion = 11.3;
						TestTargetID = B893718D23AB4319003B3682;
					};
				};
			};
			buildConfigurationList = B893718923AB4319003B3682 /* Build configuration list for PBXProject "Tippy" */;
			compatibilityVersion = "Xcode 9.3";
			developmentRegion = en;
			hasScannedForEncodings = 0;
			knownRegions = (
				en,
				Base,
			);
			mainGroup = B893718523AB4319003B3682;
			productRefGroup = B893718F23AB4319003B3682 /* Products */;
			projectDirPath = "";
			projectRoot = "";
			targets = (
				B893718D23AB4319003B3682 /* Tippy */,
				B89371A323AB431A003B3682 /* TippyTests */,
				B89371AE23AB431A003B3682 /* TippyUITests */,
			);
		};
/* End PBXProject section */

/* Begin PBXResourcesBuildPhase section */
		B893718C23AB4319003B3682 /* Resources */ = {
			isa = PBXResourcesBuildPhase;
			buildActionMask = 2147483647;
			files = (
				B893719E23AB431A003B3682 /* LaunchScreen.storyboard in Resources */,
				B893719B23AB431A003B3682 /* Assets.xcassets in Resources */,
				B893719923AB4319003B3682 /* Main.storyboard in Resources */,
			);
			runOnlyForDeploymentPostprocessing = 0;
		};
		B89371A223AB431A003B3682 /* Resources */ = {
			isa = PBXResourcesBuildPhase;
			buildActionMask = 2147483647;
			files = (
			);
			runOnlyForDeploymentPostprocessing = 0;
		};
		B89371AD23AB431A003B3682 /* Resources */ = {
			isa = PBXResourcesBuildPhase;
			buildActionMask = 2147483647;
			files = (
			);
			runOnlyForDeploymentPostprocessing = 0;
		};
/* End PBXResourcesBuildPhase section */

/* Begin PBXSourcesBuildPhase section */
		B893718A23AB4319003B3682 /* Sources */ = {
			isa = PBXSourcesBuildPhase;
			buildActionMask = 2147483647;
			files = (
				B893719623AB4319003B3682 /* ViewController.swift in Sources */,
				B893719223AB4319003B3682 /* AppDelegate.swift in Sources */,
				B893719423AB4319003B3682 /* SceneDelegate.swift in Sources */,
			);
			runOnlyForDeploymentPostprocessing = 0;
		};
		B89371A023AB431A003B3682 /* Sources */ = {
			isa = PBXSourcesBuildPhase;
			buildActionMask = 2147483647;
			files = (
				B89371A923AB431A003B3682 /* TippyTests.swift in Sources */,
			);
			runOnlyForDeploymentPostprocessing = 0;
		};
		B89371AB23AB431A003B3682 /* Sources */ = {
			isa = PBXSourcesBuildPhase;
			buildActionMask = 2147483647;
			files = (
				B89371B423AB431A003B3682 /* TippyUITests.swift in Sources */,
			);
			runOnlyForDeploymentPostprocessing = 0;
		};
/* End PBXSourcesBuildPhase section */

/* Begin PBXTargetDependency section */
		B89371A623AB431A003B3682 /* PBXTargetDependency */ = {
			isa = PBXTargetDependency;
			target = B893718D23AB4319003B3682 /* Tippy */;
			targetProxy = B89371A523AB431A003B3682 /* PBXContainerItemProxy */;
		};
		B89371B123AB431A003B3682 /* PBXTargetDependency */ = {
			isa = PBXTargetDependency;
			target = B893718D23AB4319003B3682 /* Tippy */;
			targetProxy = B89371B023AB431A003B3682 /* PBXContainerItemProxy */;
		};
/* End PBXTargetDependency section */

/* Begin PBXVariantGroup section */
		B893719723AB4319003B3682 /* Main.storyboard */ = {
			isa = PBXVariantGroup;
			children = (
				B893719823AB4319003B3682 /* Base */,
			);
			name = Main.storyboard;
			sourceTree = "<group>";
		};
		B893719C23AB431A003B3682 /* LaunchScreen.storyboard */ = {
			isa = PBXVariantGroup;
			children = (
				B893719D23AB431A003B3682 /* Base */,
			);
			name = LaunchScreen.storyboard;
			sourceTree = "<group>";
		};
/* End PBXVariantGroup section */

/* Begin XCBuildConfiguration section */
		B89371B623AB431A003B3682 /* Debug */ = {
			isa = XCBuildConfiguration;
			buildSettings = {
				ALWAYS_SEARCH_USER_PATHS = NO;
				CLANG_ANALYZER_NONNULL = YES;
				CLANG_ANALYZER_NUMBER_OBJECT_CONVERSION = YES_AGGRESSIVE;
				CLANG_CXX_LANGUAGE_STANDARD = "gnu++14";
				CLANG_CXX_LIBRARY = "libc++";
				CLANG_ENABLE_MODULES = YES;
				CLANG_ENABLE_OBJC_ARC = YES;
				CLANG_ENABLE_OBJC_WEAK = YES;
				CLANG_WARN_BLOCK_CAPTURE_AUTORELEASING = YES;
				CLANG_WARN_BOOL_CONVERSION = YES;
				CLANG_WARN_COMMA = YES;
				CLANG_WARN_CONSTANT_CONVERSION = YES;
				CLANG_WARN_DEPRECATED_OBJC_IMPLEMENTATIONS = YES;
				CLANG_WARN_DIRECT_OBJC_ISA_USAGE = YES_ERROR;
				CLANG_WARN_DOCUMENTATION_COMMENTS = YES;
				CLANG_WARN_EMPTY_BODY = YES;
				CLANG_WARN_ENUM_CONVERSION = YES;
				CLANG_WARN_INFINITE_RECURSION = YES;
				CLANG_WARN_INT_CONVERSION = YES;
				CLANG_WARN_NON_LITERAL_NULL_CONVERSION = YES;
				CLANG_WARN_OBJC_IMPLICIT_RETAIN_SELF = YES;
				CLANG_WARN_OBJC_LITERAL_CONVERSION = YES;
				CLANG_WARN_OBJC_ROOT_CLASS = YES_ERROR;
				CLANG_WARN_RANGE_LOOP_ANALYSIS = YES;
				CLANG_WARN_STRICT_PROTOTYPES = YES;
				CLANG_WARN_SUSPICIOUS_MOVE = YES;
				CLANG_WARN_UNGUARDED_AVAILABILITY = YES_AGGRESSIVE;
				CLANG_WARN_UNREACHABLE_CODE = YES;
				CLANG_WARN__DUPLICATE_METHOD_MATCH = YES;
				COPY_PHASE_STRIP = NO;
				DEBUG_INFORMATION_FORMAT = dwarf;
				ENABLE_STRICT_OBJC_MSGSEND = YES;
				ENABLE_TESTABILITY = YES;
				GCC_C_LANGUAGE_STANDARD = gnu11;
				GCC_DYNAMIC_NO_PIC = NO;
				GCC_NO_COMMON_BLOCKS = YES;
				GCC_OPTIMIZATION_LEVEL = 0;
				GCC_PREPROCESSOR_DEFINITIONS = (
					"DEBUG=1",
					"$(inherited)",
				);
				GCC_WARN_64_TO_32_BIT_CONVERSION = YES;
				GCC_WARN_ABOUT_RETURN_TYPE = YES_ERROR;
				GCC_WARN_UNDECLARED_SELECTOR = YES;
				GCC_WARN_UNINITIALIZED_AUTOS = YES_AGGRESSIVE;
				GCC_WARN_UNUSED_FUNCTION = YES;
				GCC_WARN_UNUSED_VARIABLE = YES;
				IPHONEOS_DEPLOYMENT_TARGET = 13.2;
				MTL_ENABLE_DEBUG_INFO = INCLUDE_SOURCE;
				MTL_FAST_MATH = YES;
				ONLY_ACTIVE_ARCH = YES;
				SDKROOT = iphoneos;
				SWIFT_ACTIVE_COMPILATION_CONDITIONS = DEBUG;
				SWIFT_OPTIMIZATION_LEVEL = "-Onone";
			};
			name = Debug;
		};
		B89371B723AB431A003B3682 /* Release */ = {
			isa = XCBuildConfiguration;
			buildSettings = {
				ALWAYS_SEARCH_USER_PATHS = NO;
				CLANG_ANALYZER_NONNULL = YES;
				CLANG_ANALYZER_NUMBER_OBJECT_CONVERSION = YES_AGGRESSIVE;
				CLANG_CXX_LANGUAGE_STANDARD = "gnu++14";
				CLANG_CXX_LIBRARY = "libc++";
				CLANG_ENABLE_MODULES = YES;
				CLANG_ENABLE_OBJC_ARC = YES;
				CLANG_ENABLE_OBJC_WEAK = YES;
				CLANG_WARN_BLOCK_CAPTURE_AUTORELEASING = YES;
				CLANG_WARN_BOOL_CONVERSION = YES;
				CLANG_WARN_COMMA = YES;
				CLANG_WARN_CONSTANT_CONVERSION = YES;
				CLANG_WARN_DEPRECATED_OBJC_IMPLEMENTATIONS = YES;
				CLANG_WARN_DIRECT_OBJC_ISA_USAGE = YES_ERROR;
				CLANG_WARN_DOCUMENTATION_COMMENTS = YES;
				CLANG_WARN_EMPTY_BODY = YES;
				CLANG_WARN_ENUM_CONVERSION = YES;
				CLANG_WARN_INFINITE_RECURSION = YES;
				CLANG_WARN_INT_CONVERSION = YES;
				CLANG_WARN_NON_LITERAL_NULL_CONVERSION = YES;
				CLANG_WARN_OBJC_IMPLICIT_RETAIN_SELF = YES;
				CLANG_WARN_OBJC_LITERAL_CONVERSION = YES;
				CLANG_WARN_OBJC_ROOT_CLASS = YES_ERROR;
				CLANG_WARN_RANGE_LOOP_ANALYSIS = YES;
				CLANG_WARN_STRICT_PROTOTYPES = YES;
				CLANG_WARN_SUSPICIOUS_MOVE = YES;
				CLANG_WARN_UNGUARDED_AVAILABILITY = YES_AGGRESSIVE;
				CLANG_WARN_UNREACHABLE_CODE = YES;
				CLANG_WARN__DUPLICATE_METHOD_MATCH = YES;
				COPY_PHASE_STRIP = NO;
				DEBUG_INFORMATION_FORMAT = "dwarf-with-dsym";
				ENABLE_NS_ASSERTIONS = NO;
				ENABLE_STRICT_OBJC_MSGSEND = YES;
				GCC_C_LANGUAGE_STANDARD = gnu11;
				GCC_NO_COMMON_BLOCKS = YES;
				GCC_WARN_64_TO_32_BIT_CONVERSION = YES;
				GCC_WARN_ABOUT_RETURN_TYPE = YES_ERROR;
				GCC_WARN_UNDECLARED_SELECTOR = YES;
				GCC_WARN_UNINITIALIZED_AUTOS = YES_AGGRESSIVE;
				GCC_WARN_UNUSED_FUNCTION = YES;
				GCC_WARN_UNUSED_VARIABLE = YES;
				IPHONEOS_DEPLOYMENT_TARGET = 13.2;
				MTL_ENABLE_DEBUG_INFO = NO;
				MTL_FAST_MATH = YES;
				SDKROOT = iphoneos;
				SWIFT_COMPILATION_MODE = wholemodule;
				SWIFT_OPTIMIZATION_LEVEL = "-O";
				VALIDATE_PRODUCT = YES;
			};
			name = Release;
		};
		B89371B923AB431A003B3682 /* Debug */ = {
			isa = XCBuildConfiguration;
			buildSettings = {
				ASSETCATALOG_COMPILER_APPICON_NAME = AppIcon;
				CODE_SIGN_STYLE = Automatic;
				INFOPLIST_FILE = Tippy/Info.plist;
				LD_RUNPATH_SEARCH_PATHS = (
					"$(inherited)",
					"@executable_path/Frameworks",
				);
				PRODUCT_BUNDLE_IDENTIFIER = codePath.Tippy;
				PRODUCT_NAME = "$(TARGET_NAME)";
				SWIFT_VERSION = 5.0;
				TARGETED_DEVICE_FAMILY = "1,2";
			};
			name = Debug;
		};
		B89371BA23AB431A003B3682 /* Release */ = {
			isa = XCBuildConfiguration;
			buildSettings = {
				ASSETCATALOG_COMPILER_APPICON_NAME = AppIcon;
				CODE_SIGN_STYLE = Automatic;
				INFOPLIST_FILE = Tippy/Info.plist;
				LD_RUNPATH_SEARCH_PATHS = (
					"$(inherited)",
					"@executable_path/Frameworks",
				);
				PRODUCT_BUNDLE_IDENTIFIER = codePath.Tippy;
				PRODUCT_NAME = "$(TARGET_NAME)";
				SWIFT_VERSION = 5.0;
				TARGETED_DEVICE_FAMILY = "1,2";
			};
			name = Release;
		};
		B89371BC23AB431A003B3682 /* Debug */ = {
			isa = XCBuildConfiguration;
			buildSettings = {
				ALWAYS_EMBED_SWIFT_STANDARD_LIBRARIES = YES;
				BUNDLE_LOADER = "$(TEST_HOST)";
				CODE_SIGN_STYLE = Automatic;
				INFOPLIST_FILE = TippyTests/Info.plist;
				IPHONEOS_DEPLOYMENT_TARGET = 13.2;
				LD_RUNPATH_SEARCH_PATHS = (
					"$(inherited)",
					"@executable_path/Frameworks",
					"@loader_path/Frameworks",
				);
				PRODUCT_BUNDLE_IDENTIFIER = codePath.TippyTests;
				PRODUCT_NAME = "$(TARGET_NAME)";
				SWIFT_VERSION = 5.0;
				TARGETED_DEVICE_FAMILY = "1,2";
				TEST_HOST = "$(BUILT_PRODUCTS_DIR)/Tippy.app/Tippy";
			};
			name = Debug;
		};
		B89371BD23AB431A003B3682 /* Release */ = {
			isa = XCBuildConfiguration;
			buildSettings = {
				ALWAYS_EMBED_SWIFT_STANDARD_LIBRARIES = YES;
				BUNDLE_LOADER = "$(TEST_HOST)";
				CODE_SIGN_STYLE = Automatic;
				INFOPLIST_FILE = TippyTests/Info.plist;
				IPHONEOS_DEPLOYMENT_TARGET = 13.2;
				LD_RUNPATH_SEARCH_PATHS = (
					"$(inherited)",
					"@executable_path/Frameworks",
					"@loader_path/Frameworks",
				);
				PRODUCT_BUNDLE_IDENTIFIER = codePath.TippyTests;
				PRODUCT_NAME = "$(TARGET_NAME)";
				SWIFT_VERSION = 5.0;
				TARGETED_DEVICE_FAMILY = "1,2";
				TEST_HOST = "$(BUILT_PRODUCTS_DIR)/Tippy.app/Tippy";
			};
			name = Release;
		};
		B89371BF23AB431A003B3682 /* Debug */ = {
			isa = XCBuildConfiguration;
			buildSettings = {
				ALWAYS_EMBED_SWIFT_STANDARD_LIBRARIES = YES;
				CODE_SIGN_STYLE = Automatic;
				INFOPLIST_FILE = TippyUITests/Info.plist;
				LD_RUNPATH_SEARCH_PATHS = (
					"$(inherited)",
					"@executable_path/Frameworks",
					"@loader_path/Frameworks",
				);
				PRODUCT_BUNDLE_IDENTIFIER = codePath.TippyUITests;
				PRODUCT_NAME = "$(TARGET_NAME)";
				SWIFT_VERSION = 5.0;
				TARGETED_DEVICE_FAMILY = "1,2";
				TEST_TARGET_NAME = Tippy;
			};
			name = Debug;
		};
		B89371C023AB431A003B3682 /* Release */ = {
			isa = XCBuildConfiguration;
			buildSettings = {
				ALWAYS_EMBED_SWIFT_STANDARD_LIBRARIES = YES;
				CODE_SIGN_STYLE = Automatic;
				INFOPLIST_FILE = TippyUITests/Info.plist;
				LD_RUNPATH_SEARCH_PATHS = (
					"$(inherited)",
					"@executable_path/Frameworks",
					"@loader_path/Frameworks",
				);
				PRODUCT_BUNDLE_IDENTIFIER = codePath.TippyUITests;
				PRODUCT_NAME = "$(TARGET_NAME)";
				SWIFT_VERSION = 5.0;
				TARGETED_DEVICE_FAMILY = "1,2";
				TEST_TARGET_NAME = Tippy;
			};
			name = Release;
		};
/* End XCBuildConfiguration section */

/* Begin XCConfigurationList section */
		B893718923AB4319003B3682 /* Build configuration list for PBXProject "Tippy" */ = {
			isa = XCConfigurationList;
			buildConfigurations = (
				B89371B623AB431A003B3682 /* Debug */,
				B89371B723AB431A003B3682 /* Release */,
			);
			defaultConfigurationIsVisible = 0;
			defaultConfigurationName = Release;
		};
		B89371B823AB431A003B3682 /* Build configuration list for PBXNativeTarget "Tippy" */ = {
			isa = XCConfigurationList;
			buildConfigurations = (
				B89371B923AB431A003B3682 /* Debug */,
				B89371BA23AB431A003B3682 /* Release */,
			);
			defaultConfigurationIsVisible = 0;
			defaultConfigurationName = Release;
		};
		B89371BB23AB431A003B3682 /* Build configuration list for PBXNativeTarget "TippyTests" */ = {
			isa = XCConfigurationList;
			buildConfigurations = (
				B89371BC23AB431A003B3682 /* Debug */,
				B89371BD23AB431A003B3682 /* Release */,
			);
			defaultConfigurationIsVisible = 0;
			defaultConfigurationName = Release;
		};
		B89371BE23AB431A003B3682 /* Build configuration list for PBXNativeTarget "TippyUITests" */ = {
			isa = XCConfigurationList;
			buildConfigurations = (
				B89371BF23AB431A003B3682 /* Debug */,
				B89371C023AB431A003B3682 /* Release */,
			);
			defaultConfigurationIsVisible = 0;
			defaultConfigurationName = Release;
		};
/* End XCConfigurationList section */
	};
	rootObject = B893718623AB4319003B3682 /* Project object */;
}
